
Microsoft Visual Studio Solution File, Format Version 12.00
# Visual Studio 15
VisualStudioVersion = 15.0.28307.852
MinimumVisualStudioVersion = 10.0.40219.1
Project("{FAE04EC0-301F-11D3-BF4B-00C04F79EFBC}") = "DnD_NPC_Creator", "DnD_NPC_Creator\DnD_NPC_Creator.csproj", "{939A7FDB-CE1C-4E77-ABA1-D20C7150975D}"
EndProject
Project("{9A19103F-16F7-4668-BE54-9A1E7A4F7556}") = "Business_Layer", "Business_Layer\Business_Layer.csproj", "{02A71424-D25C-4D05-978B-8F9BC99B1A5D}"
EndProject
Project("{9A19103F-16F7-4668-BE54-9A1E7A4F7556}") = "Data_Layer", "Data_Layer\Data_Layer.csproj", "{652B8904-0B4E-4216-A81B-FF9F8A3B0078}"
EndProject
Project("{FAE04EC0-301F-11D3-BF4B-00C04F79EFBC}") = "Business_Layer.UnitTests", "Business_Layer.UnitTests\Business_Layer.UnitTests.csproj", "{86E79FDD-8410-46A6-B30C-082FFF6E1834}"
EndProject
Global
	GlobalSection(SolutionConfigurationPlatforms) = preSolution
		Debug|Any CPU = Debug|Any CPU
		Release|Any CPU = Release|Any CPU
	EndGlobalSection
	GlobalSection(ProjectConfigurationPlatforms) = postSolution
		{939A7FDB-CE1C-4E77-ABA1-D20C7150975D}.Debug|Any CPU.ActiveCfg = Debug|Any CPU
		{939A7FDB-CE1C-4E77-ABA1-D20C7150975D}.Debug|Any CPU.Build.0 = Debug|Any CPU
		{939A7FDB-CE1C-4E77-ABA1-D20C7150975D}.Release|Any CPU.ActiveCfg = Release|Any CPU
		{939A7FDB-CE1C-4E77-ABA1-D20C7150975D}.Release|Any CPU.Build.0 = Release|Any CPU
		{02A71424-D25C-4D05-978B-8F9BC99B1A5D}.Debug|Any CPU.ActiveCfg = Debug|Any CPU
		{02A71424-D25C-4D05-978B-8F9BC99B1A5D}.Debug|Any CPU.Build.0 = Debug|Any CPU
		{02A71424-D25C-4D05-978B-8F9BC99B1A5D}.Release|Any CPU.ActiveCfg = Release|Any CPU
		{02A71424-D25C-4D05-978B-8F9BC99B1A5D}.Release|Any CPU.Build.0 = Release|Any CPU
		{652B8904-0B4E-4216-A81B-FF9F8A3B0078}.Debug|Any CPU.ActiveCfg = Debug|Any CPU
		{652B8904-0B4E-4216-A81B-FF9F8A3B0078}.Debug|Any CPU.Build.0 = Debug|Any CPU
		{652B8904-0B4E-4216-A81B-FF9F8A3B0078}.Release|Any CPU.ActiveCfg = Release|Any CPU
		{652B8904-0B4E-4216-A81B-FF9F8A3B0078}.Release|Any CPU.Build.0 = Release|Any CPU
		{86E79FDD-8410-46A6-B30C-082FFF6E1834}.Debug|Any CPU.ActiveCfg = Debug|Any CPU
		{86E79FDD-8410-46A6-B30C-082FFF6E1834}.Debug|Any CPU.Build.0 = Debug|Any CPU
		{86E79FDD-8410-46A6-B30C-082FFF6E1834}.Release|Any CPU.ActiveCfg = Release|Any CPU
		{86E79FDD-8410-46A6-B30C-082FFF6E1834}.Release|Any CPU.Build.0 = Release|Any CPU
	EndGlobalSection
	GlobalSection(SolutionProperties) = preSolution
		HideSolutionNode = FALSE
	EndGlobalSection
	GlobalSection(ExtensibilityGlobals) = postSolution
		SolutionGuid = {030A6CEE-3DA3-4D4A-9FE2-1EAFE4C4F93A}
	EndGlobalSection
EndGlobal
